
Microsoft Visual Studio Solution File, Format Version 12.00
# Visual Studio Version 16
VisualStudioVersion = 16.0.30711.63
MinimumVisualStudioVersion = 10.0.40219.1
Project("{FAE04EC0-301F-11D3-BF4B-00C04F79EFBC}") = "DijkstraConsole", "DijkstraConsole.csproj", "{CFA2A64A-9215-4701-95CC-74868A4BDF27}"
EndProject
Global
	GlobalSection(SolutionConfigurationPlatforms) = preSolution
		Debug|Any CPU = Debug|Any CPU
		Release|Any CPU = Release|Any CPU
	EndGlobalSection
	GlobalSection(ProjectConfigurationPlatforms) = postSolution
		{CFA2A64A-9215-4701-95CC-74868A4BDF27}.Debug|Any CPU.ActiveCfg = Debug|Any CPU
		{CFA2A64A-9215-4701-95CC-74868A4BDF27}.Debug|Any CPU.Build.0 = Debug|Any CPU
		{CFA2A64A-9215-4701-95CC-74868A4BDF27}.Release|Any CPU.ActiveCfg = Release|Any CPU
		{CFA2A64A-9215-4701-95CC-74868A4BDF27}.Release|Any CPU.Build.0 = Release|Any CPU
	EndGlobalSection
	GlobalSection(SolutionProperties) = preSolution
		HideSolutionNode = FALSE
	EndGlobalSection
	GlobalSection(ExtensibilityGlobals) = postSolution
		SolutionGuid = {224AE4CD-5B30-4984-A37A-0410C1DBCC74}
	EndGlobalSection
EndGlobal
